PODS:
  - boost-for-react-native (1.63.0)
  - DoubleConversion (1.1.6)
  - FBLazyVector (0.63.3)
  - FBReactNativeSpec (0.63.3):
    - Folly (= 2020.01.13.00)
    - RCTRequired (= 0.63.3)
    - RCTTypeSafety (= 0.63.3)
    - React-Core (= 0.63.3)
    - React-jsi (= 0.63.3)
    - ReactCommon/turbomodule/core (= 0.63.3)
  - Folly (2020.01.13.00):
    - boost-for-react-native
    - DoubleConversion
    - Folly/Default (= 2020.01.13.00)
    - glog
  - Folly/Default (2020.01.13.00):
    - boost-for-react-native
    - DoubleConversion
    - glog
  - GCDWebServer (3.5.4):
    - GCDWebServer/Core (= 3.5.4)
  - GCDWebServer/Core (3.5.4)
  - glog (0.3.5)
  - lottie-ios (3.1.9)
  - lottie-react-native (3.3.2):
    - lottie-ios (~> 3.1.3)
    - React
  - OneSignal (2.12.6)
  - RCTRequired (0.63.3)
  - RCTTypeSafety (0.63.3):
    - FBLazyVector (= 0.63.3)
    - Folly (= 2020.01.13.00)
    - RCTRequired (= 0.63.3)
    - React-Core (= 0.63.3)
  - React (0.63.3):
    - React-Core (= 0.63.3)
    - React-Core/DevSupport (= 0.63.3)
    - React-Core/RCTWebSocket (= 0.63.3)
    - React-RCTActionSheet (= 0.63.3)
    - React-RCTAnimation (= 0.63.3)
    - React-RCTBlob (= 0.63.3)
    - React-RCTImage (= 0.63.3)
    - React-RCTLinking (= 0.63.3)
    - React-RCTNetwork (= 0.63.3)
    - React-RCTSettings (= 0.63.3)
    - React-RCTText (= 0.63.3)
    - React-RCTVibration (= 0.63.3)
  - React-callinvoker (0.63.3)
  - React-Core (0.63.3):
    - Folly (= 2020.01.13.00)
    - glog
    - React-Core/Default (= 0.63.3)
    - React-cxxreact (= 0.63.3)
    - React-jsi (= 0.63.3)
    - React-jsiexecutor (= 0.63.3)
    - Yoga
  - React-Core/CoreModulesHeaders (0.63.3):
    - Folly (= 2020.01.13.00)
    - glog
    - React-Core/Default
    - React-cxxreact (= 0.63.3)
    - React-jsi (= 0.63.3)
    - React-jsiexecutor (= 0.63.3)
    - Yoga
  - React-Core/Default (0.63.3):
    - Folly (= 2020.01.13.00)
    - glog
    - React-cxxreact (= 0.63.3)
    - React-jsi (= 0.63.3)
    - React-jsiexecutor (= 0.63.3)
    - Yoga
  - React-Core/DevSupport (0.63.3):
    - Folly (= 2020.01.13.00)
    - glog
    - React-Core/Default (= 0.63.3)
    - React-Core/RCTWebSocket (= 0.63.3)
    - React-cxxreact (= 0.63.3)
    - React-jsi (= 0.63.3)
    - React-jsiexecutor (= 0.63.3)
    - React-jsinspector (= 0.63.3)
    - Yoga
  - React-Core/RCTActionSheetHeaders (0.63.3):
    - Folly (= 2020.01.13.00)
    - glog
    - React-Core/Default
    - React-cxxreact (= 0.63.3)
    - React-jsi (= 0.63.3)
    - React-jsiexecutor (= 0.63.3)
    - Yoga
  - React-Core/RCTAnimationHeaders (0.63.3):
    - Folly (= 2020.01.13.00)
    - glog
    - React-Core/Default
    - React-cxxreact (= 0.63.3)
    - React-jsi (= 0.63.3)
    - React-jsiexecutor (= 0.63.3)
    - Yoga
  - React-Core/RCTBlobHeaders (0.63.3):
    - Folly (= 2020.01.13.00)
    - glog
    - React-Core/Default
    - React-cxxreact (= 0.63.3)
    - React-jsi (= 0.63.3)
    - React-jsiexecutor (= 0.63.3)
    - Yoga
  - React-Core/RCTImageHeaders (0.63.3):
    - Folly (= 2020.01.13.00)
    - glog
    - React-Core/Default
    - React-cxxreact (= 0.63.3)
    - React-jsi (= 0.63.3)
    - React-jsiexecutor (= 0.63.3)
    - Yoga
  - React-Core/RCTLinkingHeaders (0.63.3):
    - Folly (= 2020.01.13.00)
    - glog
    - React-Core/Default
    - React-cxxreact (= 0.63.3)
    - React-jsi (= 0.63.3)
    - React-jsiexecutor (= 0.63.3)
    - Yoga
  - React-Core/RCTNetworkHeaders (0.63.3):
    - Folly (= 2020.01.13.00)
    - glog
    - React-Core/Default
    - React-cxxreact (= 0.63.3)
    - React-jsi (= 0.63.3)
    - React-jsiexecutor (= 0.63.3)
    - Yoga
  - React-Core/RCTSettingsHeaders (0.63.3):
    - Folly (= 2020.01.13.00)
    - glog
    - React-Core/Default
    - React-cxxreact (= 0.63.3)
    - React-jsi (= 0.63.3)
    - React-jsiexecutor (= 0.63.3)
    - Yoga
  - React-Core/RCTTextHeaders (0.63.3):
    - Folly (= 2020.01.13.00)
    - glog
    - React-Core/Default
    - React-cxxreact (= 0.63.3)
    - React-jsi (= 0.63.3)
    - React-jsiexecutor (= 0.63.3)
    - Yoga
  - React-Core/RCTVibrationHeaders (0.63.3):
    - Folly (= 2020.01.13.00)
    - glog
    - React-Core/Default
    - React-cxxreact (= 0.63.3)
    - React-jsi (= 0.63.3)
    - React-jsiexecutor (= 0.63.3)
    - Yoga
  - React-Core/RCTWebSocket (0.63.3):
    - Folly (= 2020.01.13.00)
    - glog
    - React-Core/Default (= 0.63.3)
    - React-cxxreact (= 0.63.3)
    - React-jsi (= 0.63.3)
    - React-jsiexecutor (= 0.63.3)
    - Yoga
  - React-CoreModules (0.63.3):
    - FBReactNativeSpec (= 0.63.3)
    - Folly (= 2020.01.13.00)
    - RCTTypeSafety (= 0.63.3)
    - React-Core/CoreModulesHeaders (= 0.63.3)
    - React-jsi (= 0.63.3)
    - React-RCTImage (= 0.63.3)
    - ReactCommon/turbomodule/core (= 0.63.3)
  - React-cxxreact (0.63.3):
    - boost-for-react-native (= 1.63.0)
    - DoubleConversion
    - Folly (= 2020.01.13.00)
    - glog
    - React-callinvoker (= 0.63.3)
    - React-jsinspector (= 0.63.3)
  - React-jsi (0.63.3):
    - boost-for-react-native (= 1.63.0)
    - DoubleConversion
    - Folly (= 2020.01.13.00)
    - glog
    - React-jsi/Default (= 0.63.3)
  - React-jsi/Default (0.63.3):
    - boost-for-react-native (= 1.63.0)
    - DoubleConversion
    - Folly (= 2020.01.13.00)
    - glog
  - React-jsiexecutor (0.63.3):
    - DoubleConversion
    - Folly (= 2020.01.13.00)
    - glog
    - React-cxxreact (= 0.63.3)
    - React-jsi (= 0.63.3)
  - React-jsinspector (0.63.3)
  - react-native-camera (3.40.0):
    - React-Core
    - react-native-camera/RCT (= 3.40.0)
    - react-native-camera/RN (= 3.40.0)
  - react-native-camera/RCT (3.40.0):
    - React-Core
  - react-native-camera/RN (3.40.0):
    - React-Core
  - react-native-create-thumbnail (1.4.1):
    - React
  - react-native-geocoder (0.5.0):
    - React
  - react-native-geolocation (2.0.2):
    - React
  - react-native-image-picker (2.3.4):
    - React-Core
  - react-native-maps (0.27.1):
    - React
  - react-native-netinfo (5.5.0):
    - React
  - react-native-onesignal (3.6.5):
    - OneSignal (= 2.12.6)
    - React (< 1.0.0, >= 0.13.0)
  - react-native-safe-area-context (0.7.3):
    - React
  - react-native-video (4.4.5):
    - React
    - react-native-video/Video (= 4.4.5)
  - react-native-video/Video (4.4.5):
    - React
  - react-native-viewpager (5.0.5):
    - React
  - React-RCTActionSheet (0.63.3):
    - React-Core/RCTActionSheetHeaders (= 0.63.3)
  - React-RCTAnimation (0.63.3):
    - FBReactNativeSpec (= 0.63.3)
    - Folly (= 2020.01.13.00)
    - RCTTypeSafety (= 0.63.3)
    - React-Core/RCTAnimationHeaders (= 0.63.3)
    - React-jsi (= 0.63.3)
    - ReactCommon/turbomodule/core (= 0.63.3)
  - React-RCTBlob (0.63.3):
    - FBReactNativeSpec (= 0.63.3)
    - Folly (= 2020.01.13.00)
    - React-Core/RCTBlobHeaders (= 0.63.3)
    - React-Core/RCTWebSocket (= 0.63.3)
    - React-jsi (= 0.63.3)
    - React-RCTNetwork (= 0.63.3)
    - ReactCommon/turbomodule/core (= 0.63.3)
  - React-RCTImage (0.63.3):
    - FBReactNativeSpec (= 0.63.3)
    - Folly (= 2020.01.13.00)
    - RCTTypeSafety (= 0.63.3)
    - React-Core/RCTImageHeaders (= 0.63.3)
    - React-jsi (= 0.63.3)
    - React-RCTNetwork (= 0.63.3)
    - ReactCommon/turbomodule/core (= 0.63.3)
  - React-RCTLinking (0.63.3):
    - FBReactNativeSpec (= 0.63.3)
    - React-Core/RCTLinkingHeaders (= 0.63.3)
    - React-jsi (= 0.63.3)
    - ReactCommon/turbomodule/core (= 0.63.3)
  - React-RCTNetwork (0.63.3):
    - FBReactNativeSpec (= 0.63.3)
    - Folly (= 2020.01.13.00)
    - RCTTypeSafety (= 0.63.3)
    - React-Core/RCTNetworkHeaders (= 0.63.3)
    - React-jsi (= 0.63.3)
    - ReactCommon/turbomodule/core (= 0.63.3)
  - React-RCTSettings (0.63.3):
    - FBReactNativeSpec (= 0.63.3)
    - Folly (= 2020.01.13.00)
    - RCTTypeSafety (= 0.63.3)
    - React-Core/RCTSettingsHeaders (= 0.63.3)
    - React-jsi (= 0.63.3)
    - ReactCommon/turbomodule/core (= 0.63.3)
  - React-RCTText (0.63.3):
    - React-Core/RCTTextHeaders (= 0.63.3)
  - React-RCTVibration (0.63.3):
    - FBReactNativeSpec (= 0.63.3)
    - Folly (= 2020.01.13.00)
    - React-Core/RCTVibrationHeaders (= 0.63.3)
    - React-jsi (= 0.63.3)
    - ReactCommon/turbomodule/core (= 0.63.3)
  - ReactCommon/turbomodule/core (0.63.3):
    - DoubleConversion
    - Folly (= 2020.01.13.00)
    - glog
    - React-callinvoker (= 0.63.3)
    - React-Core (= 0.63.3)
    - React-cxxreact (= 0.63.3)
    - React-jsi (= 0.63.3)
  - RealmJS (10.1.0):
    - GCDWebServer
    - React
  - RNCMaskedView (0.1.6):
    - React
  - RNGestureHandler (1.6.0):
    - React
  - RNImageCropPicker (0.28.0):
    - React-Core
    - React-RCTImage
    - RNImageCropPicker/QBImagePickerController (= 0.28.0)
    - RSKImageCropper
  - RNImageCropPicker/QBImagePickerController (0.28.0):
    - React-Core
    - React-RCTImage
    - RSKImageCropper
  - RNReanimated (1.7.0):
    - React
  - RNScreens (2.0.0-beta.7):
    - React
  - RNVectorIcons (6.6.0):
    - React
  - RNVideoCompression (1.2.1):
    - React
  - RSKImageCropper (3.0.2)
  - Yoga (1.14.0)

DEPENDENCIES:
  - DoubleConversion (from `../node_modules/react-native/third-party-podspecs/DoubleConversion.podspec`)
  - FBLazyVector (from `../node_modules/react-native/Libraries/FBLazyVector`)
  - FBReactNativeSpec (from `../node_modules/react-native/Libraries/FBReactNativeSpec`)
  - Folly (from `../node_modules/react-native/third-party-podspecs/Folly.podspec`)
  - glog (from `../node_modules/react-native/third-party-podspecs/glog.podspec`)
  - lottie-react-native (from `../node_modules/lottie-react-native`)
  - RCTRequired (from `../node_modules/react-native/Libraries/RCTRequired`)
  - RCTTypeSafety (from `../node_modules/react-native/Libraries/TypeSafety`)
  - React (from `../node_modules/react-native/`)
  - React-callinvoker (from `../node_modules/react-native/ReactCommon/callinvoker`)
  - React-Core (from `../node_modules/react-native/`)
  - React-Core/DevSupport (from `../node_modules/react-native/`)
  - React-Core/RCTWebSocket (from `../node_modules/react-native/`)
  - React-CoreModules (from `../node_modules/react-native/React/CoreModules`)
  - React-cxxreact (from `../node_modules/react-native/ReactCommon/cxxreact`)
  - React-jsi (from `../node_modules/react-native/ReactCommon/jsi`)
  - React-jsiexecutor (from `../node_modules/react-native/ReactCommon/jsiexecutor`)
  - React-jsinspector (from `../node_modules/react-native/ReactCommon/jsinspector`)
  - react-native-camera (from `../node_modules/react-native-camera`)
  - react-native-create-thumbnail (from `../node_modules/react-native-create-thumbnail`)
  - react-native-geocoder (from `../node_modules/react-native-geocoder`)
  - "react-native-geolocation (from `../node_modules/@react-native-community/geolocation`)"
  - react-native-image-picker (from `../node_modules/react-native-image-picker`)
  - react-native-maps (from `../node_modules/react-native-maps`)
  - "react-native-netinfo (from `../node_modules/@react-native-community/netinfo`)"
  - react-native-onesignal (from `../node_modules/react-native-onesignal`)
  - react-native-safe-area-context (from `../node_modules/react-native-safe-area-context`)
  - react-native-video (from `../node_modules/react-native-video`)
  - "react-native-viewpager (from `../node_modules/@react-native-community/viewpager`)"
  - React-RCTActionSheet (from `../node_modules/react-native/Libraries/ActionSheetIOS`)
  - React-RCTAnimation (from `../node_modules/react-native/Libraries/NativeAnimation`)
  - React-RCTBlob (from `../node_modules/react-native/Libraries/Blob`)
  - React-RCTImage (from `../node_modules/react-native/Libraries/Image`)
  - React-RCTLinking (from `../node_modules/react-native/Libraries/LinkingIOS`)
  - React-RCTNetwork (from `../node_modules/react-native/Libraries/Network`)
  - React-RCTSettings (from `../node_modules/react-native/Libraries/Settings`)
  - React-RCTText (from `../node_modules/react-native/Libraries/Text`)
  - React-RCTVibration (from `../node_modules/react-native/Libraries/Vibration`)
  - ReactCommon/turbomodule/core (from `../node_modules/react-native/ReactCommon`)
  - RealmJS (from `../node_modules/realm`)
  - "RNCMaskedView (from `../node_modules/@react-native-community/masked-view`)"
  - RNGestureHandler (from `../node_modules/react-native-gesture-handler`)
  - RNImageCropPicker (from `../node_modules/react-native-image-crop-picker`)
  - RNReanimated (from `../node_modules/react-native-reanimated`)
  - RNScreens (from `../node_modules/react-native-screens`)
  - RNVectorIcons (from `../node_modules/react-native-vector-icons`)
  - RNVideoCompression (from `../node_modules/react-native-sili-video-compression/ios`)
  - Yoga (from `../node_modules/react-native/ReactCommon/yoga`)

SPEC REPOS:
  trunk:
    - boost-for-react-native
    - GCDWebServer
    - lottie-ios
    - OneSignal
    - RSKImageCropper

EXTERNAL SOURCES:
  DoubleConversion:
    :podspec: "../node_modules/react-native/third-party-podspecs/DoubleConversion.podspec"
  FBLazyVector:
    :path: "../node_modules/react-native/Libraries/FBLazyVector"
  FBReactNativeSpec:
    :path: "../node_modules/react-native/Libraries/FBReactNativeSpec"
  Folly:
    :podspec: "../node_modules/react-native/third-party-podspecs/Folly.podspec"
  glog:
    :podspec: "../node_modules/react-native/third-party-podspecs/glog.podspec"
  lottie-react-native:
    :path: "../node_modules/lottie-react-native"
  RCTRequired:
    :path: "../node_modules/react-native/Libraries/RCTRequired"
  RCTTypeSafety:
    :path: "../node_modules/react-native/Libraries/TypeSafety"
  React:
    :path: "../node_modules/react-native/"
  React-callinvoker:
    :path: "../node_modules/react-native/ReactCommon/callinvoker"
  React-Core:
    :path: "../node_modules/react-native/"
  React-CoreModules:
    :path: "../node_modules/react-native/React/CoreModules"
  React-cxxreact:
    :path: "../node_modules/react-native/ReactCommon/cxxreact"
  React-jsi:
    :path: "../node_modules/react-native/ReactCommon/jsi"
  React-jsiexecutor:
    :path: "../node_modules/react-native/ReactCommon/jsiexecutor"
  React-jsinspector:
    :path: "../node_modules/react-native/ReactCommon/jsinspector"
  react-native-camera:
    :path: "../node_modules/react-native-camera"
  react-native-create-thumbnail:
    :path: "../node_modules/react-native-create-thumbnail"
  react-native-geocoder:
    :path: "../node_modules/react-native-geocoder"
  react-native-geolocation:
    :path: "../node_modules/@react-native-community/geolocation"
  react-native-image-picker:
    :path: "../node_modules/react-native-image-picker"
  react-native-maps:
    :path: "../node_modules/react-native-maps"
  react-native-netinfo:
    :path: "../node_modules/@react-native-community/netinfo"
  react-native-onesignal:
    :path: "../node_modules/react-native-onesignal"
  react-native-safe-area-context:
    :path: "../node_modules/react-native-safe-area-context"
  react-native-video:
    :path: "../node_modules/react-native-video"
  react-native-viewpager:
    :path: "../node_modules/@react-native-community/viewpager"
  React-RCTActionSheet:
    :path: "../node_modules/react-native/Libraries/ActionSheetIOS"
  React-RCTAnimation:
    :path: "../node_modules/react-native/Libraries/NativeAnimation"
  React-RCTBlob:
    :path: "../node_modules/react-native/Libraries/Blob"
  React-RCTImage:
    :path: "../node_modules/react-native/Libraries/Image"
  React-RCTLinking:
    :path: "../node_modules/react-native/Libraries/LinkingIOS"
  React-RCTNetwork:
    :path: "../node_modules/react-native/Libraries/Network"
  React-RCTSettings:
    :path: "../node_modules/react-native/Libraries/Settings"
  React-RCTText:
    :path: "../node_modules/react-native/Libraries/Text"
  React-RCTVibration:
    :path: "../node_modules/react-native/Libraries/Vibration"
  ReactCommon:
    :path: "../node_modules/react-native/ReactCommon"
  RealmJS:
    :path: "../node_modules/realm"
  RNCMaskedView:
    :path: "../node_modules/@react-native-community/masked-view"
  RNGestureHandler:
    :path: "../node_modules/react-native-gesture-handler"
  RNImageCropPicker:
    :path: "../node_modules/react-native-image-crop-picker"
  RNReanimated:
    :path: "../node_modules/react-native-reanimated"
  RNScreens:
    :path: "../node_modules/react-native-screens"
  RNVectorIcons:
    :path: "../node_modules/react-native-vector-icons"
  RNVideoCompression:
    :path: "../node_modules/react-native-sili-video-compression/ios"
  Yoga:
    :path: "../node_modules/react-native/ReactCommon/yoga"

SPEC CHECKSUMS:
  boost-for-react-native: 39c7adb57c4e60d6c5479dd8623128eb5b3f0f2c
  DoubleConversion: cde416483dac037923206447da6e1454df403714
  FBLazyVector: 878b59e31113e289e275165efbe4b54fa614d43d
  FBReactNativeSpec: 7da9338acfb98d4ef9e5536805a0704572d33c2f
  Folly: b73c3869541e86821df3c387eb0af5f65addfab4
  GCDWebServer: 2c156a56c8226e2d5c0c3f208a3621ccffbe3ce4
  glog: 40a13f7840415b9a77023fbcae0f1e6f43192af3
  lottie-ios: 3a3758ef5a008e762faec9c9d50a39842f26d124
  lottie-react-native: 2a1a82bb326ae51331a5520de0cf706733c6db69
  OneSignal: a6df91542d1cf133b9dd19d89f2b533d8f2d3163
  RCTRequired: 48884c74035a0b5b76dbb7a998bd93bcfc5f2047
  RCTTypeSafety: edf4b618033c2f1c5b7bc3d90d8e085ed95ba2ab
  React: f36e90f3ceb976546e97df3403e37d226f79d0e3
  React-callinvoker: 18874f621eb96625df7a24a7dc8d6e07391affcd
  React-Core: ac3d816b8e3493970153f4aaf0cff18af0bb95e6
  React-CoreModules: 4016d3a4e518bcfc4f5a51252b5a05692ca6f0e1
  React-cxxreact: ffc9129013b87cb36cf3f30a86695a3c397b0f99
  React-jsi: df07aa95b39c5be3e41199921509bfa929ed2b9d
  React-jsiexecutor: b56c03e61c0dd5f5801255f2160a815f4a53d451
  React-jsinspector: 8e68ffbfe23880d3ee9bafa8be2777f60b25cbe2
  react-native-camera: 5c1fbfecf63b802b8ca4a71c60d30a71550fb348
  react-native-create-thumbnail: d31c84dd69fb4d60aec0ff2f49bc0de41ede7b2c
  react-native-geocoder: 757427682892bb256f3b3745858cc90eba148a8e
  react-native-geolocation: cbd9d6bd06bac411eed2671810f454d4908484a8
  react-native-image-picker: 32d1ad2c0024ca36161ae0d5c2117e2d6c441f11
  react-native-maps: f4b89da81626ad7f151a8bfcb79733295d31ce5c
  react-native-netinfo: 4f7469b001be001975d1566fb757fb04e3905bec
  react-native-onesignal: b77c201ba78bee36fd5e7725c6eb80a1180d351a
  react-native-safe-area-context: 8260e5157617df4b72865f44006797f895b2ada7
  react-native-video: aa527b0acb37f94c4491e70df0274cb26979405d
  react-native-viewpager: 2a87260870112b9096def74813b1a58a9577659d
  React-RCTActionSheet: 53ea72699698b0b47a6421cb1c8b4ab215a774aa
  React-RCTAnimation: 1befece0b5183c22ae01b966f5583f42e69a83c2
  React-RCTBlob: 0b284339cbe4b15705a05e2313a51c6d8b51fa40
  React-RCTImage: d1756599ebd4dc2cb19d1682fe67c6b976658387
  React-RCTLinking: 9af0a51c6d6a4dd1674daadafffc6d03033a6d18
  React-RCTNetwork: 332c83929cc5eae0b3bbca4add1d668e1fc18bda
  React-RCTSettings: d6953772cfd55f2c68ad72b7ef29efc7ec49f773
  React-RCTText: 65a6de06a7389098ce24340d1d3556015c38f746
  React-RCTVibration: 8e9fb25724a0805107fc1acc9075e26f814df454
  ReactCommon: 4167844018c9ed375cc01a843e9ee564399e53c3
  RealmJS: d4069af347c8ffc3c427ba6223be1c2aff9a8407
  RNCMaskedView: e5b99bc191945f157adeede68da9d424462de177
  RNGestureHandler: dde546180bf24af0b5f737c8ad04b6f3fa51609a
  RNImageCropPicker: cf129d17e042ce3e96fb9ada967c28f21f977c82
  RNReanimated: 031fe8d9ea93c2bd689a40f05320ef9d96f74d7f
  RNScreens: b9ea46d65967a1f74b9aaa1229d0f74f58d216b5
  RNVectorIcons: 0bb4def82230be1333ddaeee9fcba45f0b288ed4
  RNVideoCompression: 385e2ded5cb167c6ae781f16470b2c59aca783ef
  RSKImageCropper: 1ac71e9a82e3f41eea3eedfff8eacb0d3821c9ec
  Yoga: 7d13633d129fd179e01b8953d38d47be90db185a

PODFILE CHECKSUM: a590097480a2f6e6f7213266c351d2861a278828

COCOAPODS: 1.10.1
